// !$*UTF8*$!
{
	archiveVersion = 1;
	classes = {
	};
	objectVersion = 51;
	objects = {

/* Begin PBXBuildFile section */
		1401DA7B2440D46800DE677F /* AppDelegate.swift in Sources */ = {isa = PBXBuildFile; fileRef = 1401DA7A2440D46800DE677F /* AppDelegate.swift */; };
		1401DA7D2440D46800DE677F /* SceneDelegate.swift in Sources */ = {isa = PBXBuildFile; fileRef = 1401DA7C2440D46800DE677F /* SceneDelegate.swift */; };
		1401DA822440D46800DE677F /* Main.storyboard in Resources */ = {isa = PBXBuildFile; fileRef = 1401DA802440D46800DE677F /* Main.storyboard */; };
		1401DA852440D46800DE677F /* Authenticator.xcdatamodeld in Sources */ = {isa = PBXBuildFile; fileRef = 1401DA832440D46800DE677F /* Authenticator.xcdatamodeld */; };
		1401DA872440D46B00DE677F /* Assets.xcassets in Resources */ = {isa = PBXBuildFile; fileRef = 1401DA862440D46B00DE677F /* Assets.xcassets */; };
		1401DA8A2440D46B00DE677F /* LaunchScreen.storyboard in Resources */ = {isa = PBXBuildFile; fileRef = 1401DA882440D46B00DE677F /* LaunchScreen.storyboard */; };
		1401DABF244342CC00DE677F /* CustomCell.swift in Sources */ = {isa = PBXBuildFile; fileRef = 1401DABE244342CC00DE677F /* CustomCell.swift */; };
		1401DAC12443431200DE677F /* AuthenticatorViewController.swift in Sources */ = {isa = PBXBuildFile; fileRef = 1401DAC02443431100DE677F /* AuthenticatorViewController.swift */; };
		1401DAC32443433100DE677F /* AddAccountViewController.swift in Sources */ = {isa = PBXBuildFile; fileRef = 1401DAC22443433100DE677F /* AddAccountViewController.swift */; };
		1401DAC72443436E00DE677F /* UIColor+SOTPColors.swift in Sources */ = {isa = PBXBuildFile; fileRef = 1401DAC52443436E00DE677F /* UIColor+SOTPColors.swift */; };
		1401DACA244343FE00DE677F /* AuthenticatorModel.swift in Sources */ = {isa = PBXBuildFile; fileRef = 1401DAC9244343FE00DE677F /* AuthenticatorModel.swift */; };
		14023D6725B4C8C100EC35C8 /* SOTPToken.swift in Sources */ = {isa = PBXBuildFile; fileRef = 14A3454625B4C7D600F63C54 /* SOTPToken.swift */; };
		1405D88B24719BF10065509B /* UITextFieldWithBottomBorder.swift in Sources */ = {isa = PBXBuildFile; fileRef = 1405D88A24719BF10065509B /* UITextFieldWithBottomBorder.swift */; };
		14129F7624C0C92200644739 /* PasswordViewController.swift in Sources */ = {isa = PBXBuildFile; fileRef = 14129F7524C0C92200644739 /* PasswordViewController.swift */; };
		141917D0245483EC00EE125D /* ScanQrViewController.swift in Sources */ = {isa = PBXBuildFile; fileRef = 141917CF245483EC00EE125D /* ScanQrViewController.swift */; };
		142F404A25D12E54008A9CA0 /* TokenGenerator.swift in Sources */ = {isa = PBXBuildFile; fileRef = 142F404925D12E54008A9CA0 /* TokenGenerator.swift */; };
		142F404B25D12E54008A9CA0 /* TokenGenerator.swift in Sources */ = {isa = PBXBuildFile; fileRef = 142F404925D12E54008A9CA0 /* TokenGenerator.swift */; };
		1430EA8D24DEF79900B75CF6 /* StoreKit.framework in Frameworks */ = {isa = PBXBuildFile; fileRef = 1430EA8C24DEF79900B75CF6 /* StoreKit.framework */; };
		1430EA8F24DF0E0800B75CF6 /* Purchases.swift in Sources */ = {isa = PBXBuildFile; fileRef = 1430EA8E24DF0E0800B75CF6 /* Purchases.swift */; };
		1430EA9124DF0FCA00B75CF6 /* PurchaseViewController.swift in Sources */ = {isa = PBXBuildFile; fileRef = 1430EA9024DF0FCA00B75CF6 /* PurchaseViewController.swift */; };
		143D098825168F2B00C30041 /* RoundedButtonWithShadow.swift in Sources */ = {isa = PBXBuildFile; fileRef = 143D098725168F2B00C30041 /* RoundedButtonWithShadow.swift */; };
		144B48A024FC10510086DA04 /* SettingsTableViewController.swift in Sources */ = {isa = PBXBuildFile; fileRef = 144B489F24FC10510086DA04 /* SettingsTableViewController.swift */; };
		14543DA124853A03008E7DA8 /* Interface.storyboard in Resources */ = {isa = PBXBuildFile; fileRef = 14543D9F24853A03008E7DA8 /* Interface.storyboard */; };
		14543DA324853A04008E7DA8 /* Assets.xcassets in Resources */ = {isa = PBXBuildFile; fileRef = 14543DA224853A04008E7DA8 /* Assets.xcassets */; };
		14543DAA24853A04008E7DA8 /* SOTPWatch Extension.appex in Embed App Extensions */ = {isa = PBXBuildFile; fileRef = 14543DA924853A04008E7DA8 /* SOTPWatch Extension.appex */; settings = {ATTRIBUTES = (RemoveHeadersOnCopy, ); }; };
		14543DAF24853A04008E7DA8 /* InterfaceController.swift in Sources */ = {isa = PBXBuildFile; fileRef = 14543DAE24853A04008E7DA8 /* InterfaceController.swift */; };
		14543DB124853A04008E7DA8 /* ExtensionDelegate.swift in Sources */ = {isa = PBXBuildFile; fileRef = 14543DB024853A04008E7DA8 /* ExtensionDelegate.swift */; };
		14543DB724853A05008E7DA8 /* SOTPWatch.app in Embed Watch Content */ = {isa = PBXBuildFile; fileRef = 14543D9D24853A03008E7DA8 /* SOTPWatch.app */; settings = {ATTRIBUTES = (RemoveHeadersOnCopy, ); }; };
		14543DC124853B24008E7DA8 /* SOTPWatchRow.swift in Sources */ = {isa = PBXBuildFile; fileRef = 14543DC024853B24008E7DA8 /* SOTPWatchRow.swift */; };
		14543DC82486E02D008E7DA8 /* WatchAppConnection.swift in Sources */ = {isa = PBXBuildFile; fileRef = 14543DC72486E02D008E7DA8 /* WatchAppConnection.swift */; };
		1463409A24CE0763008ECFBD /* RNCryptorExtention.swift in Sources */ = {isa = PBXBuildFile; fileRef = 1463409924CE0763008ECFBD /* RNCryptorExtention.swift */; };
		146CE3A724D1B9AB00DDC45C /* GreetingViewController.swift in Sources */ = {isa = PBXBuildFile; fileRef = 146CE3A624D1B9AB00DDC45C /* GreetingViewController.swift */; };
		146CE3AA24D3369600DDC45C /* Backup.swift in Sources */ = {isa = PBXBuildFile; fileRef = 146CE3A924D3369600DDC45C /* Backup.swift */; };
		149619112517CE2E00B46D7B /* Localizable.strings in Resources */ = {isa = PBXBuildFile; fileRef = 1496190F2517CE2E00B46D7B /* Localizable.strings */; };
		14A3454725B4C7D600F63C54 /* SOTPToken.swift in Sources */ = {isa = PBXBuildFile; fileRef = 14A3454625B4C7D600F63C54 /* SOTPToken.swift */; };
		14B61B5B24C71DD400A08A14 /* AuthenticatorItem+CoreDataClass.swift in Sources */ = {isa = PBXBuildFile; fileRef = 14B61B5924C71DD400A08A14 /* AuthenticatorItem+CoreDataClass.swift */; };
		14B61B5C24C71DD400A08A14 /* AuthenticatorItem+CoreDataProperties.swift in Sources */ = {isa = PBXBuildFile; fileRef = 14B61B5A24C71DD400A08A14 /* AuthenticatorItem+CoreDataProperties.swift */; };
		14B7E31E24C3237F00A2E9F3 /* PasswordError.swift in Sources */ = {isa = PBXBuildFile; fileRef = 14B7E31D24C3237F00A2E9F3 /* PasswordError.swift */; };
		14B8BDA625B4CB2E00595A17 /* SOTPKeychain.swift in Sources */ = {isa = PBXBuildFile; fileRef = 14B8BDA525B4CB2E00595A17 /* SOTPKeychain.swift */; };
		14B8BDA725B4CB2E00595A17 /* SOTPKeychain.swift in Sources */ = {isa = PBXBuildFile; fileRef = 14B8BDA525B4CB2E00595A17 /* SOTPKeychain.swift */; };
		14C0B71D254C793D0054DD57 /* AuthenticatorForWatch.xcdatamodeld in Sources */ = {isa = PBXBuildFile; fileRef = 14C0B71B254C793D0054DD57 /* AuthenticatorForWatch.xcdatamodeld */; };
		14C0B71E254C793D0054DD57 /* AuthenticatorForWatch.xcdatamodeld in Sources */ = {isa = PBXBuildFile; fileRef = 14C0B71B254C793D0054DD57 /* AuthenticatorForWatch.xcdatamodeld */; };
		14C0B723254C8F2B0054DD57 /* WatchModel.swift in Sources */ = {isa = PBXBuildFile; fileRef = 14C0B722254C8F2B0054DD57 /* WatchModel.swift */; };
		14C0B724254C8F2B0054DD57 /* WatchModel.swift in Sources */ = {isa = PBXBuildFile; fileRef = 14C0B722254C8F2B0054DD57 /* WatchModel.swift */; };
		14CB6D6724FC19D600316ED7 /* SettingsTableViewCell.swift in Sources */ = {isa = PBXBuildFile; fileRef = 14CB6D6624FC19D600316ED7 /* SettingsTableViewCell.swift */; };
		14CB6D6924FC2AD100316ED7 /* SettingsTableViewCellWithButton.swift in Sources */ = {isa = PBXBuildFile; fileRef = 14CB6D6824FC2AD100316ED7 /* SettingsTableViewCellWithButton.swift */; };
		14CB6D6F2506A2A700316ED7 /* LoadFromFileExtentions.swift in Sources */ = {isa = PBXBuildFile; fileRef = 14CB6D6E2506A2A700316ED7 /* LoadFromFileExtentions.swift */; };
		14DD4DD825D9961D00617B03 /* InfoPlist.strings in Resources */ = {isa = PBXBuildFile; fileRef = 14DD4DD625D9961D00617B03 /* InfoPlist.strings */; };
		14E8523F25619BB700B9744B /* AboutViewController.swift in Sources */ = {isa = PBXBuildFile; fileRef = 14E8523E25619BB700B9744B /* AboutViewController.swift */; };
		14E8524C256AE6E400B9744B /* Localizable.strings in Resources */ = {isa = PBXBuildFile; fileRef = 14E8524A256AE6E400B9744B /* Localizable.strings */; };
		14F740F22447743D0052244C /* Lato-Light.ttf in Resources */ = {isa = PBXBuildFile; fileRef = 14F740F12447743D0052244C /* Lato-Light.ttf */; };
		A8DB1CD525866BE4007C980B /* UILabel+AttributedText.swift in Sources */ = {isa = PBXBuildFile; fileRef = A8DB1CD425866BE4007C980B /* UILabel+AttributedText.swift */; };
		A8DB1CDA25866C14007C980B /* UINavigationController+Completions.swift in Sources */ = {isa = PBXBuildFile; fileRef = A8DB1CD925866C14007C980B /* UINavigationController+Completions.swift */; };
		A8DB1CDF25866C34007C980B /* UIViewController+SetupNavigation.swift in Sources */ = {isa = PBXBuildFile; fileRef = A8DB1CDE25866C34007C980B /* UIViewController+SetupNavigation.swift */; };
		A8DB1CEA25866DFB007C980B /* UIFont+SOTPFonts.swift in Sources */ = {isa = PBXBuildFile; fileRef = A8DB1CE925866DFB007C980B /* UIFont+SOTPFonts.swift */; };
		CC74BA630D0AF3B3442DF0E3 /* Pods_SOTPWatch_Extension.framework in Frameworks */ = {isa = PBXBuildFile; fileRef = 7E0822CA0A73046E3F1F30E9 /* Pods_SOTPWatch_Extension.framework */; };
		EDFD8EE1D14E008CC2B86F6D /* Pods_SOTPWatch.framework in Frameworks */ = {isa = PBXBuildFile; fileRef = 69E961E78C1ECBDEEF93A234 /* Pods_SOTPWatch.framework */; };
		FD6CF9FFA6037CDAEBC06627 /* Pods_Authenticator.framework in Frameworks */ = {isa = PBXBuildFile; fileRef = 67D87C916A1E254B6ABFAF7D /* Pods_Authenticator.framework */; };
/* End PBXBuildFile section */

/* Begin PBXContainerItemProxy section */
		14543DAB24853A04008E7DA8 /* PBXContainerItemProxy */ = {
			isa = PBXContainerItemProxy;
			containerPortal = 1401DA6F2440D46700DE677F /* Project object */;
			proxyType = 1;
			remoteGlobalIDString = 14543DA824853A04008E7DA8;
			remoteInfo = "SOTPWatch Extension";
		};
		14543DB524853A05008E7DA8 /* PBXContainerItemProxy */ = {
			isa = PBXContainerItemProxy;
			containerPortal = 1401DA6F2440D46700DE677F /* Project object */;
			proxyType = 1;
			remoteGlobalIDString = 14543D9C24853A03008E7DA8;
			remoteInfo = SOTPWatch;
		};
/* End PBXContainerItemProxy section */

/* Begin PBXCopyFilesBuildPhase section */
		14543DB824853A05008E7DA8 /* Embed Watch Content */ = {
			isa = PBXCopyFilesBuildPhase;
			buildActionMask = 2147483647;
			dstPath = "$(CONTENTS_FOLDER_PATH)/Watch";
			dstSubfolderSpec = 16;
			files = (
				14543DB724853A05008E7DA8 /* SOTPWatch.app in Embed Watch Content */,
			);
			name = "Embed Watch Content";
			runOnlyForDeploymentPostprocessing = 0;
		};
		14543DBB24853A05008E7DA8 /* Embed App Extensions */ = {
			isa = PBXCopyFilesBuildPhase;
			buildActionMask = 2147483647;
			dstPath = "";
			dstSubfolderSpec = 13;
			files = (
				14543DAA24853A04008E7DA8 /* SOTPWatch Extension.appex in Embed App Extensions */,
			);
			name = "Embed App Extensions";
			runOnlyForDeploymentPostprocessing = 0;
		};
/* End PBXCopyFilesBuildPhase section */

/* Begin PBXFileReference section */
		1401DA772440D46800DE677F /* Authenticator.app */ = {isa = PBXFileReference; explicitFileType = wrapper.application; includeInIndex = 0; path = Authenticator.app; sourceTree = BUILT_PRODUCTS_DIR; };
		1401DA7A2440D46800DE677F /* AppDelegate.swift */ = {isa = PBXFileReference; lastKnownFileType = sourcecode.swift; path = AppDelegate.swift; sourceTree = "<group>"; };
		1401DA7C2440D46800DE677F /* SceneDelegate.swift */ = {isa = PBXFileReference; lastKnownFileType = sourcecode.swift; path = SceneDelegate.swift; sourceTree = "<group>"; };
		1401DA812440D46800DE677F /* Base */ = {isa = PBXFileReference; lastKnownFileType = file.storyboard; name = Base; path = Base.lproj/Main.storyboard; sourceTree = "<group>"; };
		1401DA842440D46800DE677F /* Authenticator.xcdatamodel */ = {isa = PBXFileReference; lastKnownFileType = wrapper.xcdatamodel; path = Authenticator.xcdatamodel; sourceTree = "<group>"; };
		1401DA862440D46B00DE677F /* Assets.xcassets */ = {isa = PBXFileReference; lastKnownFileType = folder.assetcatalog; path = Assets.xcassets; sourceTree = "<group>"; };
		1401DA892440D46B00DE677F /* Base */ = {isa = PBXFileReference; lastKnownFileType = file.storyboard; name = Base; path = Base.lproj/LaunchScreen.storyboard; sourceTree = "<group>"; };
		1401DA8B2440D46B00DE677F /* Info.plist */ = {isa = PBXFileReference; lastKnownFileType = text.plist.xml; path = Info.plist; sourceTree = "<group>"; };
		1401DABE244342CC00DE677F /* CustomCell.swift */ = {isa = PBXFileReference; lastKnownFileType = sourcecode.swift; path = CustomCell.swift; sourceTree = "<group>"; };
		1401DAC02443431100DE677F /* AuthenticatorViewController.swift */ = {isa = PBXFileReference; lastKnownFileType = sourcecode.swift; path = AuthenticatorViewController.swift; sourceTree = "<group>"; };
		1401DAC22443433100DE677F /* AddAccountViewController.swift */ = {isa = PBXFileReference; lastKnownFileType = sourcecode.swift; path = AddAccountViewController.swift; sourceTree = "<group>"; };
		1401DAC52443436E00DE677F /* UIColor+SOTPColors.swift */ = {isa = PBXFileReference; fileEncoding = 4; lastKnownFileType = sourcecode.swift; path = "UIColor+SOTPColors.swift"; sourceTree = "<group>"; };
		1401DAC9244343FE00DE677F /* AuthenticatorModel.swift */ = {isa = PBXFileReference; lastKnownFileType = sourcecode.swift; path = AuthenticatorModel.swift; sourceTree = "<group>"; };
		1405D88A24719BF10065509B /* UITextFieldWithBottomBorder.swift */ = {isa = PBXFileReference; lastKnownFileType = sourcecode.swift; path = UITextFieldWithBottomBorder.swift; sourceTree = "<group>"; };
		14129F7524C0C92200644739 /* PasswordViewController.swift */ = {isa = PBXFileReference; lastKnownFileType = sourcecode.swift; path = PasswordViewController.swift; sourceTree = "<group>"; };
		141917CF245483EC00EE125D /* ScanQrViewController.swift */ = {isa = PBXFileReference; lastKnownFileType = sourcecode.swift; path = ScanQrViewController.swift; sourceTree = "<group>"; };
		142F404925D12E54008A9CA0 /* TokenGenerator.swift */ = {isa = PBXFileReference; lastKnownFileType = sourcecode.swift; path = TokenGenerator.swift; sourceTree = "<group>"; };
		1430EA8C24DEF79900B75CF6 /* StoreKit.framework */ = {isa = PBXFileReference; lastKnownFileType = wrapper.framework; name = StoreKit.framework; path = System/Library/Frameworks/StoreKit.framework; sourceTree = SDKROOT; };
		1430EA8E24DF0E0800B75CF6 /* Purchases.swift */ = {isa = PBXFileReference; lastKnownFileType = sourcecode.swift; path = Purchases.swift; sourceTree = "<group>"; };
		1430EA9024DF0FCA00B75CF6 /* PurchaseViewController.swift */ = {isa = PBXFileReference; lastKnownFileType = sourcecode.swift; path = PurchaseViewController.swift; sourceTree = "<group>"; };
		143D098725168F2B00C30041 /* RoundedButtonWithShadow.swift */ = {isa = PBXFileReference; lastKnownFileType = sourcecode.swift; path = RoundedButtonWithShadow.swift; sourceTree = "<group>"; };
		144B489F24FC10510086DA04 /* SettingsTableViewController.swift */ = {isa = PBXFileReference; lastKnownFileType = sourcecode.swift; path = SettingsTableViewController.swift; sourceTree = "<group>"; };
		14543D9D24853A03008E7DA8 /* SOTPWatch.app */ = {isa = PBXFileReference; explicitFileType = wrapper.application; includeInIndex = 0; path = SOTPWatch.app; sourceTree = BUILT_PRODUCTS_DIR; };
		14543DA024853A03008E7DA8 /* Base */ = {isa = PBXFileReference; lastKnownFileType = file.storyboard; name = Base; path = Base.lproj/Interface.storyboard; sourceTree = "<group>"; };
		14543DA224853A04008E7DA8 /* Assets.xcassets */ = {isa = PBXFileReference; lastKnownFileType = folder.assetcatalog; path = Assets.xcassets; sourceTree = "<group>"; };
		14543DA424853A04008E7DA8 /* Info.plist */ = {isa = PBXFileReference; lastKnownFileType = text.plist.xml; path = Info.plist; sourceTree = "<group>"; };
		14543DA924853A04008E7DA8 /* SOTPWatch Extension.appex */ = {isa = PBXFileReference; explicitFileType = "wrapper.app-extension"; includeInIndex = 0; path = "SOTPWatch Extension.appex"; sourceTree = BUILT_PRODUCTS_DIR; };
		14543DAE24853A04008E7DA8 /* InterfaceController.swift */ = {isa = PBXFileReference; lastKnownFileType = sourcecode.swift; path = InterfaceController.swift; sourceTree = "<group>"; };
		14543DB024853A04008E7DA8 /* ExtensionDelegate.swift */ = {isa = PBXFileReference; lastKnownFileType = sourcecode.swift; path = ExtensionDelegate.swift; sourceTree = "<group>"; };
		14543DB424853A05008E7DA8 /* Info.plist */ = {isa = PBXFileReference; lastKnownFileType = text.plist.xml; path = Info.plist; sourceTree = "<group>"; };
		14543DC024853B24008E7DA8 /* SOTPWatchRow.swift */ = {isa = PBXFileReference; lastKnownFileType = sourcecode.swift; path = SOTPWatchRow.swift; sourceTree = "<group>"; };
		14543DC72486E02D008E7DA8 /* WatchAppConnection.swift */ = {isa = PBXFileReference; lastKnownFileType = sourcecode.swift; path = WatchAppConnection.swift; sourceTree = "<group>"; };
		1463409924CE0763008ECFBD /* RNCryptorExtention.swift */ = {isa = PBXFileReference; lastKnownFileType = sourcecode.swift; path = RNCryptorExtention.swift; sourceTree = "<group>"; };
		146CE3A624D1B9AB00DDC45C /* GreetingViewController.swift */ = {isa = PBXFileReference; lastKnownFileType = sourcecode.swift; path = GreetingViewController.swift; sourceTree = "<group>"; };
		146CE3A924D3369600DDC45C /* Backup.swift */ = {isa = PBXFileReference; lastKnownFileType = sourcecode.swift; path = Backup.swift; sourceTree = "<group>"; };
		1496190D2517CB5500B46D7B /* ru */ = {isa = PBXFileReference; lastKnownFileType = text.plist.strings; name = ru; path = ru.lproj/Interface.strings; sourceTree = "<group>"; };
		149619102517CE2E00B46D7B /* ru */ = {isa = PBXFileReference; lastKnownFileType = text.plist.strings; name = ru; path = ru.lproj/Localizable.strings; sourceTree = "<group>"; };
		14A3454625B4C7D600F63C54 /* SOTPToken.swift */ = {isa = PBXFileReference; lastKnownFileType = sourcecode.swift; path = SOTPToken.swift; sourceTree = "<group>"; };
		14B61B5924C71DD400A08A14 /* AuthenticatorItem+CoreDataClass.swift */ = {isa = PBXFileReference; lastKnownFileType = sourcecode.swift; path = "AuthenticatorItem+CoreDataClass.swift"; sourceTree = "<group>"; };
		14B61B5A24C71DD400A08A14 /* AuthenticatorItem+CoreDataProperties.swift */ = {isa = PBXFileReference; lastKnownFileType = sourcecode.swift; path = "AuthenticatorItem+CoreDataProperties.swift"; sourceTree = "<group>"; };
		14B7E31D24C3237F00A2E9F3 /* PasswordError.swift */ = {isa = PBXFileReference; lastKnownFileType = sourcecode.swift; path = PasswordError.swift; sourceTree = "<group>"; };
		14B8BDA525B4CB2E00595A17 /* SOTPKeychain.swift */ = {isa = PBXFileReference; fileEncoding = 4; lastKnownFileType = sourcecode.swift; path = SOTPKeychain.swift; sourceTree = "<group>"; };
		14C0B71C254C793D0054DD57 /* AuthenticatorForWatch.xcdatamodel */ = {isa = PBXFileReference; lastKnownFileType = wrapper.xcdatamodel; path = AuthenticatorForWatch.xcdatamodel; sourceTree = "<group>"; };
		14C0B722254C8F2B0054DD57 /* WatchModel.swift */ = {isa = PBXFileReference; lastKnownFileType = sourcecode.swift; path = WatchModel.swift; sourceTree = "<group>"; };
		14CB6D6624FC19D600316ED7 /* SettingsTableViewCell.swift */ = {isa = PBXFileReference; lastKnownFileType = sourcecode.swift; path = SettingsTableViewCell.swift; sourceTree = "<group>"; };
		14CB6D6824FC2AD100316ED7 /* SettingsTableViewCellWithButton.swift */ = {isa = PBXFileReference; lastKnownFileType = sourcecode.swift; path = SettingsTableViewCellWithButton.swift; sourceTree = "<group>"; };
		14CB6D6E2506A2A700316ED7 /* LoadFromFileExtentions.swift */ = {isa = PBXFileReference; lastKnownFileType = sourcecode.swift; path = LoadFromFileExtentions.swift; sourceTree = "<group>"; };
		14DD4DD725D9961D00617B03 /* ru */ = {isa = PBXFileReference; lastKnownFileType = text.plist.strings; name = ru; path = ru.lproj/InfoPlist.strings; sourceTree = "<group>"; };
		14E8523E25619BB700B9744B /* AboutViewController.swift */ = {isa = PBXFileReference; lastKnownFileType = sourcecode.swift; path = AboutViewController.swift; sourceTree = "<group>"; };
		14E8524B256AE6E400B9744B /* ru */ = {isa = PBXFileReference; lastKnownFileType = text.plist.strings; name = ru; path = ru.lproj/Localizable.strings; sourceTree = "<group>"; };
		14F740F12447743D0052244C /* Lato-Light.ttf */ = {isa = PBXFileReference; lastKnownFileType = file; path = "Lato-Light.ttf"; sourceTree = "<group>"; };
		27A6D74524AE2E0A817120E0 /* Pods-SOTPWatch.debug.xcconfig */ = {isa = PBXFileReference; includeInIndex = 1; lastKnownFileType = text.xcconfig; name = "Pods-SOTPWatch.debug.xcconfig"; path = "Target Support Files/Pods-SOTPWatch/Pods-SOTPWatch.debug.xcconfig"; sourceTree = "<group>"; };
		27DD8D5505FCC56608A83C59 /* Pods-SOTPWatch Extension.release.xcconfig */ = {isa = PBXFileReference; includeInIndex = 1; lastKnownFileType = text.xcconfig; name = "Pods-SOTPWatch Extension.release.xcconfig"; path = "Target Support Files/Pods-SOTPWatch Extension/Pods-SOTPWatch Extension.release.xcconfig"; sourceTree = "<group>"; };
		4C5F61C3DE0F67C5990236DE /* Pods-SOTPWatch Extension.debug.xcconfig */ = {isa = PBXFileReference; includeInIndex = 1; lastKnownFileType = text.xcconfig; name = "Pods-SOTPWatch Extension.debug.xcconfig"; path = "Target Support Files/Pods-SOTPWatch Extension/Pods-SOTPWatch Extension.debug.xcconfig"; sourceTree = "<group>"; };
		67D87C916A1E254B6ABFAF7D /* Pods_Authenticator.framework */ = {isa = PBXFileReference; explicitFileType = wrapper.framework; includeInIndex = 0; path = Pods_Authenticator.framework; sourceTree = BUILT_PRODUCTS_DIR; };
		69E961E78C1ECBDEEF93A234 /* Pods_SOTPWatch.framework */ = {isa = PBXFileReference; explicitFileType = wrapper.framework; includeInIndex = 0; path = Pods_SOTPWatch.framework; sourceTree = BUILT_PRODUCTS_DIR; };
		7E0822CA0A73046E3F1F30E9 /* Pods_SOTPWatch_Extension.framework */ = {isa = PBXFileReference; explicitFileType = wrapper.framework; includeInIndex = 0; path = Pods_SOTPWatch_Extension.framework; sourceTree = BUILT_PRODUCTS_DIR; };
		A8DB1CD425866BE4007C980B /* UILabel+AttributedText.swift */ = {isa = PBXFileReference; lastKnownFileType = sourcecode.swift; path = "UILabel+AttributedText.swift"; sourceTree = "<group>"; };
		A8DB1CD925866C14007C980B /* UINavigationController+Completions.swift */ = {isa = PBXFileReference; lastKnownFileType = sourcecode.swift; path = "UINavigationController+Completions.swift"; sourceTree = "<group>"; };
		A8DB1CDE25866C34007C980B /* UIViewController+SetupNavigation.swift */ = {isa = PBXFileReference; lastKnownFileType = sourcecode.swift; path = "UIViewController+SetupNavigation.swift"; sourceTree = "<group>"; };
		A8DB1CE925866DFB007C980B /* UIFont+SOTPFonts.swift */ = {isa = PBXFileReference; lastKnownFileType = sourcecode.swift; path = "UIFont+SOTPFonts.swift"; sourceTree = "<group>"; };
		B1087AF21F7B4953349EB22F /* Pods-Authenticator.debug.xcconfig */ = {isa = PBXFileReference; includeInIndex = 1; lastKnownFileType = text.xcconfig; name = "Pods-Authenticator.debug.xcconfig"; path = "Target Support Files/Pods-Authenticator/Pods-Authenticator.debug.xcconfig"; sourceTree = "<group>"; };
		DB325BD33947A6B7CF3A0A1E /* Pods-SOTPWatch.release.xcconfig */ = {isa = PBXFileReference; includeInIndex = 1; lastKnownFileType = text.xcconfig; name = "Pods-SOTPWatch.release.xcconfig"; path = "Target Support Files/Pods-SOTPWatch/Pods-SOTPWatch.release.xcconfig"; sourceTree = "<group>"; };
		E105FBA28569813673C1F6B7 /* Pods-Authenticator.release.xcconfig */ = {isa = PBXFileReference; includeInIndex = 1; lastKnownFileType = text.xcconfig; name = "Pods-Authenticator.release.xcconfig"; path = "Target Support Files/Pods-Authenticator/Pods-Authenticator.release.xcconfig"; sourceTree = "<group>"; };
/* End PBXFileReference section */

/* Begin PBXFrameworksBuildPhase section */
		09CA7F1990FE4AF3D234E439 /* Frameworks */ = {
			isa = PBXFrameworksBuildPhase;
			buildActionMask = 2147483647;
			files = (
				EDFD8EE1D14E008CC2B86F6D /* Pods_SOTPWatch.framework in Frameworks */,
			);
			runOnlyForDeploymentPostprocessing = 0;
		};
		1401DA742440D46800DE677F /* Frameworks */ = {
			isa = PBXFrameworksBuildPhase;
			buildActionMask = 2147483647;
			files = (
				FD6CF9FFA6037CDAEBC06627 /* Pods_Authenticator.framework in Frameworks */,
				1430EA8D24DEF79900B75CF6 /* StoreKit.framework in Frameworks */,
			);
			runOnlyForDeploymentPostprocessing = 0;
		};
		14543DA624853A04008E7DA8 /* Frameworks */ = {
			isa = PBXFrameworksBuildPhase;
			buildActionMask = 2147483647;
			files = (
				CC74BA630D0AF3B3442DF0E3 /* Pods_SOTPWatch_Extension.framework in Frameworks */,
			);
			runOnlyForDeploymentPostprocessing = 0;
		};
/* End PBXFrameworksBuildPhase section */

/* Begin PBXGroup section */
		0D520F5E198E7DE48BC30C63 /* Frameworks */ = {
			isa = PBXGroup;
			children = (
				1430EA8C24DEF79900B75CF6 /* StoreKit.framework */,
				67D87C916A1E254B6ABFAF7D /* Pods_Authenticator.framework */,
				69E961E78C1ECBDEEF93A234 /* Pods_SOTPWatch.framework */,
				7E0822CA0A73046E3F1F30E9 /* Pods_SOTPWatch_Extension.framework */,
			);
			name = Frameworks;
			sourceTree = "<group>";
		};
		1401DA6E2440D46700DE677F = {
			isa = PBXGroup;
			children = (
				14C0B6EF254623ED0054DD57 /* Common */,
				1401DA792440D46800DE677F /* Authenticator */,
				14543D9E24853A03008E7DA8 /* SOTPWatch */,
				14543DAD24853A04008E7DA8 /* SOTPWatch Extension */,
				1401DA782440D46800DE677F /* Products */,
				A9BF4EE2A6484A861A2F363B /* Pods */,
				0D520F5E198E7DE48BC30C63 /* Frameworks */,
			);
			sourceTree = "<group>";
		};
		1401DA782440D46800DE677F /* Products */ = {
			isa = PBXGroup;
			children = (
				1401DA772440D46800DE677F /* Authenticator.app */,
				14543D9D24853A03008E7DA8 /* SOTPWatch.app */,
				14543DA924853A04008E7DA8 /* SOTPWatch Extension.appex */,
			);
			name = Products;
			sourceTree = "<group>";
		};
		1401DA792440D46800DE677F /* Authenticator */ = {
			isa = PBXGroup;
			children = (
				1490048D246DBC8D00F91500 /* UserExperience */,
				14F740F0244774300052244C /* Fonts */,
				A8DB1CD325866BCB007C980B /* Extensions */,
				1401DAC8244343CC00DE677F /* Utils */,
				1401DAB82443399200DE677F /* Resources */,
				1401DA8B2440D46B00DE677F /* Info.plist */,
				14DD4DD625D9961D00617B03 /* InfoPlist.strings */,
				1496190F2517CE2E00B46D7B /* Localizable.strings */,
				14900490246DBD6700F91500 /* Model */,
			);
			path = Authenticator;
			sourceTree = "<group>";
		};
		1401DAB82443399200DE677F /* Resources */ = {
			isa = PBXGroup;
			children = (
				1401DA882440D46B00DE677F /* LaunchScreen.storyboard */,
				1401DA7C2440D46800DE677F /* SceneDelegate.swift */,
				1401DA802440D46800DE677F /* Main.storyboard */,
				1401DA7A2440D46800DE677F /* AppDelegate.swift */,
				1401DA862440D46B00DE677F /* Assets.xcassets */,
				1401DA832440D46800DE677F /* Authenticator.xcdatamodeld */,
			);
			path = Resources;
			sourceTree = "<group>";
		};
		1401DAC8244343CC00DE677F /* Utils */ = {
			isa = PBXGroup;
			children = (
				14CB6D6E2506A2A700316ED7 /* LoadFromFileExtentions.swift */,
				1405D88A24719BF10065509B /* UITextFieldWithBottomBorder.swift */,
				1463409924CE0763008ECFBD /* RNCryptorExtention.swift */,
				146CE3A924D3369600DDC45C /* Backup.swift */,
				1430EA8E24DF0E0800B75CF6 /* Purchases.swift */,
				143D098725168F2B00C30041 /* RoundedButtonWithShadow.swift */,
			);
			path = Utils;
			sourceTree = "<group>";
		};
		141917CE245483D100EE125D /* ScanQR */ = {
			isa = PBXGroup;
			children = (
				141917CF245483EC00EE125D /* ScanQrViewController.swift */,
			);
			path = ScanQR;
			sourceTree = "<group>";
		};
		1434356A24A91E9500935297 /* SettingsScreen */ = {
			isa = PBXGroup;
			children = (
				1430EA9024DF0FCA00B75CF6 /* PurchaseViewController.swift */,
				14129F7524C0C92200644739 /* PasswordViewController.swift */,
				144B489F24FC10510086DA04 /* SettingsTableViewController.swift */,
				14CB6D6624FC19D600316ED7 /* SettingsTableViewCell.swift */,
				14CB6D6824FC2AD100316ED7 /* SettingsTableViewCellWithButton.swift */,
				14E8523E25619BB700B9744B /* AboutViewController.swift */,
			);
			path = SettingsScreen;
			sourceTree = "<group>";
		};
		14543D9E24853A03008E7DA8 /* SOTPWatch */ = {
			isa = PBXGroup;
			children = (
				14543D9F24853A03008E7DA8 /* Interface.storyboard */,
				14543DA224853A04008E7DA8 /* Assets.xcassets */,
				14543DA424853A04008E7DA8 /* Info.plist */,
			);
			path = SOTPWatch;
			sourceTree = "<group>";
		};
		14543DAD24853A04008E7DA8 /* SOTPWatch Extension */ = {
			isa = PBXGroup;
			children = (
				14543DAE24853A04008E7DA8 /* InterfaceController.swift */,
				14543DB024853A04008E7DA8 /* ExtensionDelegate.swift */,
				14543DB424853A05008E7DA8 /* Info.plist */,
				14E8524A256AE6E400B9744B /* Localizable.strings */,
				14543DC024853B24008E7DA8 /* SOTPWatchRow.swift */,
				14C0B71B254C793D0054DD57 /* AuthenticatorForWatch.xcdatamodeld */,
				14C0B722254C8F2B0054DD57 /* WatchModel.swift */,
			);
			path = "SOTPWatch Extension";
			sourceTree = "<group>";
		};
		146CE3A824D1B9BB00DDC45C /* GreetingScreen */ = {
			isa = PBXGroup;
			children = (
				146CE3A624D1B9AB00DDC45C /* GreetingViewController.swift */,
			);
			path = GreetingScreen;
			sourceTree = "<group>";
		};
		1490048D246DBC8D00F91500 /* UserExperience */ = {
			isa = PBXGroup;
			children = (
				1434356A24A91E9500935297 /* SettingsScreen */,
				1490048F246DBCCC00F91500 /* AccountAddScreen */,
				1490048E246DBCBF00F91500 /* MainScreen */,
				146CE3A824D1B9BB00DDC45C /* GreetingScreen */,
			);
			path = UserExperience;
			sourceTree = "<group>";
		};
		1490048E246DBCBF00F91500 /* MainScreen */ = {
			isa = PBXGroup;
			children = (
				1401DABE244342CC00DE677F /* CustomCell.swift */,
				1401DAC02443431100DE677F /* AuthenticatorViewController.swift */,
			);
			path = MainScreen;
			sourceTree = "<group>";
		};
		1490048F246DBCCC00F91500 /* AccountAddScreen */ = {
			isa = PBXGroup;
			children = (
				1401DAC22443433100DE677F /* AddAccountViewController.swift */,
				141917CE245483D100EE125D /* ScanQR */,
			);
			path = AccountAddScreen;
			sourceTree = "<group>";
		};
		14900490246DBD6700F91500 /* Model */ = {
			isa = PBXGroup;
			children = (
				14B61B5924C71DD400A08A14 /* AuthenticatorItem+CoreDataClass.swift */,
				14B61B5A24C71DD400A08A14 /* AuthenticatorItem+CoreDataProperties.swift */,
				1401DAC9244343FE00DE677F /* AuthenticatorModel.swift */,
				14543DC72486E02D008E7DA8 /* WatchAppConnection.swift */,
				14B7E31D24C3237F00A2E9F3 /* PasswordError.swift */,
			);
			path = Model;
			sourceTree = "<group>";
		};
		14C0B6EF254623ED0054DD57 /* Common */ = {
			isa = PBXGroup;
			children = (
				14A3454625B4C7D600F63C54 /* SOTPToken.swift */,
				14B8BDA525B4CB2E00595A17 /* SOTPKeychain.swift */,
				142F404925D12E54008A9CA0 /* TokenGenerator.swift */,
			);
			path = Common;
			sourceTree = "<group>";
		};
		14F740F0244774300052244C /* Fonts */ = {
			isa = PBXGroup;
			children = (
				14F740F12447743D0052244C /* Lato-Light.ttf */,
			);
			path = Fonts;
			sourceTree = "<group>";
		};
		A8DB1CD325866BCB007C980B /* Extensions */ = {
			isa = PBXGroup;
			children = (
				A8DB1CE925866DFB007C980B /* UIFont+SOTPFonts.swift */,
				1401DAC52443436E00DE677F /* UIColor+SOTPColors.swift */,
				A8DB1CD425866BE4007C980B /* UILabel+AttributedText.swift */,
				A8DB1CD925866C14007C980B /* UINavigationController+Completions.swift */,
				A8DB1CDE25866C34007C980B /* UIViewController+SetupNavigation.swift */,
			);
			path = Extensions;
			sourceTree = "<group>";
		};
		A9BF4EE2A6484A861A2F363B /* Pods */ = {
			isa = PBXGroup;
			children = (
				B1087AF21F7B4953349EB22F /* Pods-Authenticator.debug.xcconfig */,
				E105FBA28569813673C1F6B7 /* Pods-Authenticator.release.xcconfig */,
				27A6D74524AE2E0A817120E0 /* Pods-SOTPWatch.debug.xcconfig */,
				DB325BD33947A6B7CF3A0A1E /* Pods-SOTPWatch.release.xcconfig */,
				4C5F61C3DE0F67C5990236DE /* Pods-SOTPWatch Extension.debug.xcconfig */,
				27DD8D5505FCC56608A83C59 /* Pods-SOTPWatch Extension.release.xcconfig */,
			);
			path = Pods;
			sourceTree = "<group>";
		};
/* End PBXGroup section */

/* Begin PBXNativeTarget section */
		1401DA762440D46800DE677F /* Authenticator */ = {
			isa = PBXNativeTarget;
			buildConfigurationList = 1401DA8E2440D46B00DE677F /* Build configuration list for PBXNativeTarget "Authenticator" */;
			buildPhases = (
				4B7726BED0DE94C42DDBA854 /* [CP] Check Pods Manifest.lock */,
				1401DA732440D46800DE677F /* Sources */,
				1401DA742440D46800DE677F /* Frameworks */,
				1401DA752440D46800DE677F /* Resources */,
				FA006DE2083CAAFDD5B0FA18 /* [CP] Embed Pods Frameworks */,
				14543DB824853A05008E7DA8 /* Embed Watch Content */,
				14AD19DB257A90E8005E4DFB /* SwiftLint */,
			);
			buildRules = (
			);
			dependencies = (
				14543DB624853A05008E7DA8 /* PBXTargetDependency */,
			);
			name = Authenticator;
			productName = Authenticator;
			productReference = 1401DA772440D46800DE677F /* Authenticator.app */;
			productType = "com.apple.product-type.application";
		};
		14543D9C24853A03008E7DA8 /* SOTPWatch */ = {
			isa = PBXNativeTarget;
			buildConfigurationList = 14543DBF24853A05008E7DA8 /* Build configuration list for PBXNativeTarget "SOTPWatch" */;
			buildPhases = (
				2C4D4EEE3AD0EF68F4CF17F7 /* [CP] Check Pods Manifest.lock */,
				14543D9B24853A03008E7DA8 /* Resources */,
				14543DBB24853A05008E7DA8 /* Embed App Extensions */,
				09CA7F1990FE4AF3D234E439 /* Frameworks */,
				14AD19DC257A9168005E4DFB /* SwiftLint */,
			);
			buildRules = (
			);
			dependencies = (
				14543DAC24853A04008E7DA8 /* PBXTargetDependency */,
			);
			name = SOTPWatch;
			productName = SOTPWatch;
			productReference = 14543D9D24853A03008E7DA8 /* SOTPWatch.app */;
			productType = "com.apple.product-type.application.watchapp2";
		};
		14543DA824853A04008E7DA8 /* SOTPWatch Extension */ = {
			isa = PBXNativeTarget;
			buildConfigurationList = 14543DBE24853A05008E7DA8 /* Build configuration list for PBXNativeTarget "SOTPWatch Extension" */;
			buildPhases = (
				593103F02BDDB522D88150C6 /* [CP] Check Pods Manifest.lock */,
				14543DA524853A04008E7DA8 /* Sources */,
				14543DA624853A04008E7DA8 /* Frameworks */,
				14543DA724853A04008E7DA8 /* Resources */,
				046F6721E084DE654B5BE88F /* [CP] Embed Pods Frameworks */,
				14AD19DD257A9181005E4DFB /* SwiftLint */,
			);
			buildRules = (
			);
			dependencies = (
			);
			name = "SOTPWatch Extension";
			productName = "SOTPWatch Extension";
			productReference = 14543DA924853A04008E7DA8 /* SOTPWatch Extension.appex */;
			productType = "com.apple.product-type.watchkit2-extension";
		};
/* End PBXNativeTarget section */

/* Begin PBXProject section */
		1401DA6F2440D46700DE677F /* Project object */ = {
			isa = PBXProject;
			attributes = {
				LastSwiftUpdateCheck = 1150;
				LastUpgradeCheck = 1200;
				ORGANIZATIONNAME = "Anzhela Baroyan";
				TargetAttributes = {
					1401DA762440D46800DE677F = {
						CreatedOnToolsVersion = 11.4;
					};
					14543D9C24853A03008E7DA8 = {
						CreatedOnToolsVersion = 11.5;
						LastSwiftMigration = 1230;
					};
					14543DA824853A04008E7DA8 = {
						CreatedOnToolsVersion = 11.5;
					};
				};
			};
			buildConfigurationList = 1401DA722440D46700DE677F /* Build configuration list for PBXProject "Authenticator" */;
			compatibilityVersion = "Xcode 9.3";
			developmentRegion = en;
			hasScannedForEncodings = 0;
			knownRegions = (
				en,
				Base,
				ru,
			);
			mainGroup = 1401DA6E2440D46700DE677F;
			productRefGroup = 1401DA782440D46800DE677F /* Products */;
			projectDirPath = "";
			projectRoot = "";
			targets = (
				1401DA762440D46800DE677F /* Authenticator */,
				14543D9C24853A03008E7DA8 /* SOTPWatch */,
				14543DA824853A04008E7DA8 /* SOTPWatch Extension */,
			);
		};
/* End PBXProject section */

/* Begin PBXResourcesBuildPhase section */
		1401DA752440D46800DE677F /* Resources */ = {
			isa = PBXResourcesBuildPhase;
			buildActionMask = 2147483647;
			files = (
				149619112517CE2E00B46D7B /* Localizable.strings in Resources */,
				14DD4DD825D9961D00617B03 /* InfoPlist.strings in Resources */,
				1401DA8A2440D46B00DE677F /* LaunchScreen.storyboard in Resources */,
				1401DA872440D46B00DE677F /* Assets.xcassets in Resources */,
				1401DA822440D46800DE677F /* Main.storyboard in Resources */,
				14F740F22447743D0052244C /* Lato-Light.ttf in Resources */,
			);
			runOnlyForDeploymentPostprocessing = 0;
		};
		14543D9B24853A03008E7DA8 /* Resources */ = {
			isa = PBXResourcesBuildPhase;
			buildActionMask = 2147483647;
			files = (
				14543DA324853A04008E7DA8 /* Assets.xcassets in Resources */,
				14543DA124853A03008E7DA8 /* Interface.storyboard in Resources */,
			);
			runOnlyForDeploymentPostprocessing = 0;
		};
		14543DA724853A04008E7DA8 /* Resources */ = {
			isa = PBXResourcesBuildPhase;
			buildActionMask = 2147483647;
			files = (
				14E8524C256AE6E400B9744B /* Localizable.strings in Resources */,
			);
			runOnlyForDeploymentPostprocessing = 0;
		};
/* End PBXResourcesBuildPhase section */

/* Begin PBXShellScriptBuildPhase section */
		046F6721E084DE654B5BE88F /* [CP] Embed Pods Frameworks */ = {
			isa = PBXShellScriptBuildPhase;
			buildActionMask = 2147483647;
			files = (
			);
			inputFileListPaths = (
				"${PODS_ROOT}/Target Support Files/Pods-SOTPWatch Extension/Pods-SOTPWatch Extension-frameworks-${CONFIGURATION}-input-files.xcfilelist",
			);
			name = "[CP] Embed Pods Frameworks";
			outputFileListPaths = (
				"${PODS_ROOT}/Target Support Files/Pods-SOTPWatch Extension/Pods-SOTPWatch Extension-frameworks-${CONFIGURATION}-output-files.xcfilelist",
			);
			runOnlyForDeploymentPostprocessing = 0;
			shellPath = /bin/sh;
			shellScript = "\"${PODS_ROOT}/Target Support Files/Pods-SOTPWatch Extension/Pods-SOTPWatch Extension-frameworks.sh\"\n";
			showEnvVarsInLog = 0;
		};
		14AD19DB257A90E8005E4DFB /* SwiftLint */ = {
			isa = PBXShellScriptBuildPhase;
			buildActionMask = 2147483647;
			files = (
			);
			inputFileListPaths = (
			);
			inputPaths = (
			);
			name = SwiftLint;
			outputFileListPaths = (
			);
			outputPaths = (
			);
			runOnlyForDeploymentPostprocessing = 0;
			shellPath = /bin/sh;
			shellScript = "if which swiftlint >/dev/null; then\n  swiftlint\nelse\n  echo \"warning: SwiftLint not installed, download from https://github.com/realm/SwiftLint\"\nfi\n";
		};
		14AD19DC257A9168005E4DFB /* SwiftLint */ = {
			isa = PBXShellScriptBuildPhase;
			buildActionMask = 2147483647;
			files = (
			);
			inputFileListPaths = (
			);
			inputPaths = (
			);
			name = SwiftLint;
			outputFileListPaths = (
			);
			outputPaths = (
			);
			runOnlyForDeploymentPostprocessing = 0;
			shellPath = /bin/sh;
			shellScript = "if which swiftlint >/dev/null; then\n  swiftlint\nelse\n  echo \"warning: SwiftLint not installed, download from https://github.com/realm/SwiftLint\"\nfi\n";
		};
		14AD19DD257A9181005E4DFB /* SwiftLint */ = {
			isa = PBXShellScriptBuildPhase;
			buildActionMask = 2147483647;
			files = (
			);
			inputFileListPaths = (
			);
			inputPaths = (
			);
			name = SwiftLint;
			outputFileListPaths = (
			);
			outputPaths = (
			);
			runOnlyForDeploymentPostprocessing = 0;
			shellPath = /bin/sh;
			shellScript = "if which swiftlint >/dev/null; then\n  swiftlint\nelse\n  echo \"warning: SwiftLint not installed, download from https://github.com/realm/SwiftLint\"\nfi\n";
		};
		2C4D4EEE3AD0EF68F4CF17F7 /* [CP] Check Pods Manifest.lock */ = {
			isa = PBXShellScriptBuildPhase;
			buildActionMask = 2147483647;
			files = (
			);
			inputFileListPaths = (
			);
			inputPaths = (
				"${PODS_PODFILE_DIR_PATH}/Podfile.lock",
				"${PODS_ROOT}/Manifest.lock",
			);
			name = "[CP] Check Pods Manifest.lock";
			outputFileListPaths = (
			);
			outputPaths = (
				"$(DERIVED_FILE_DIR)/Pods-SOTPWatch-checkManifestLockResult.txt",
			);
			runOnlyForDeploymentPostprocessing = 0;
			shellPath = /bin/sh;
			shellScript = "diff \"${PODS_PODFILE_DIR_PATH}/Podfile.lock\" \"${PODS_ROOT}/Manifest.lock\" > /dev/null\nif [ $? != 0 ] ; then\n    # print error to STDERR\n    echo \"error: The sandbox is not in sync with the Podfile.lock. Run 'pod install' or update your CocoaPods installation.\" >&2\n    exit 1\nfi\n# This output is used by Xcode 'outputs' to avoid re-running this script phase.\necho \"SUCCESS\" > \"${SCRIPT_OUTPUT_FILE_0}\"\n";
			showEnvVarsInLog = 0;
		};
		4B7726BED0DE94C42DDBA854 /* [CP] Check Pods Manifest.lock */ = {
			isa = PBXShellScriptBuildPhase;
			buildActionMask = 2147483647;
			files = (
			);
			inputFileListPaths = (
			);
			inputPaths = (
				"${PODS_PODFILE_DIR_PATH}/Podfile.lock",
				"${PODS_ROOT}/Manifest.lock",
			);
			name = "[CP] Check Pods Manifest.lock";
			outputFileListPaths = (
			);
			outputPaths = (
				"$(DERIVED_FILE_DIR)/Pods-Authenticator-checkManifestLockResult.txt",
			);
			runOnlyForDeploymentPostprocessing = 0;
			shellPath = /bin/sh;
			shellScript = "diff \"${PODS_PODFILE_DIR_PATH}/Podfile.lock\" \"${PODS_ROOT}/Manifest.lock\" > /dev/null\nif [ $? != 0 ] ; then\n    # print error to STDERR\n    echo \"error: The sandbox is not in sync with the Podfile.lock. Run 'pod install' or update your CocoaPods installation.\" >&2\n    exit 1\nfi\n# This output is used by Xcode 'outputs' to avoid re-running this script phase.\necho \"SUCCESS\" > \"${SCRIPT_OUTPUT_FILE_0}\"\n";
			showEnvVarsInLog = 0;
		};
		593103F02BDDB522D88150C6 /* [CP] Check Pods Manifest.lock */ = {
			isa = PBXShellScriptBuildPhase;
			buildActionMask = 2147483647;
			files = (
			);
			inputFileListPaths = (
			);
			inputPaths = (
				"${PODS_PODFILE_DIR_PATH}/Podfile.lock",
				"${PODS_ROOT}/Manifest.lock",
			);
			name = "[CP] Check Pods Manifest.lock";
			outputFileListPaths = (
			);
			outputPaths = (
				"$(DERIVED_FILE_DIR)/Pods-SOTPWatch Extension-checkManifestLockResult.txt",
			);
			runOnlyForDeploymentPostprocessing = 0;
			shellPath = /bin/sh;
			shellScript = "diff \"${PODS_PODFILE_DIR_PATH}/Podfile.lock\" \"${PODS_ROOT}/Manifest.lock\" > /dev/null\nif [ $? != 0 ] ; then\n    # print error to STDERR\n    echo \"error: The sandbox is not in sync with the Podfile.lock. Run 'pod install' or update your CocoaPods installation.\" >&2\n    exit 1\nfi\n# This output is used by Xcode 'outputs' to avoid re-running this script phase.\necho \"SUCCESS\" > \"${SCRIPT_OUTPUT_FILE_0}\"\n";
			showEnvVarsInLog = 0;
		};
		FA006DE2083CAAFDD5B0FA18 /* [CP] Embed Pods Frameworks */ = {
			isa = PBXShellScriptBuildPhase;
			buildActionMask = 2147483647;
			files = (
			);
			inputFileListPaths = (
				"${PODS_ROOT}/Target Support Files/Pods-Authenticator/Pods-Authenticator-frameworks-${CONFIGURATION}-input-files.xcfilelist",
			);
			name = "[CP] Embed Pods Frameworks";
			outputFileListPaths = (
				"${PODS_ROOT}/Target Support Files/Pods-Authenticator/Pods-Authenticator-frameworks-${CONFIGURATION}-output-files.xcfilelist",
			);
			runOnlyForDeploymentPostprocessing = 0;
			shellPath = /bin/sh;
			shellScript = "\"${PODS_ROOT}/Target Support Files/Pods-Authenticator/Pods-Authenticator-frameworks.sh\"\n";
			showEnvVarsInLog = 0;
		};
/* End PBXShellScriptBuildPhase section */

/* Begin PBXSourcesBuildPhase section */
		1401DA732440D46800DE677F /* Sources */ = {
			isa = PBXSourcesBuildPhase;
			buildActionMask = 2147483647;
			files = (
				146CE3A724D1B9AB00DDC45C /* GreetingViewController.swift in Sources */,
				143D098825168F2B00C30041 /* RoundedButtonWithShadow.swift in Sources */,
				1401DA852440D46800DE677F /* Authenticator.xcdatamodeld in Sources */,
				A8DB1CD525866BE4007C980B /* UILabel+AttributedText.swift in Sources */,
				1401DAC12443431200DE677F /* AuthenticatorViewController.swift in Sources */,
				142F404A25D12E54008A9CA0 /* TokenGenerator.swift in Sources */,
				14129F7624C0C92200644739 /* PasswordViewController.swift in Sources */,
				14B61B5C24C71DD400A08A14 /* AuthenticatorItem+CoreDataProperties.swift in Sources */,
				1401DA7B2440D46800DE677F /* AppDelegate.swift in Sources */,
				1401DABF244342CC00DE677F /* CustomCell.swift in Sources */,
				A8DB1CDF25866C34007C980B /* UIViewController+SetupNavigation.swift in Sources */,
				14B8BDA625B4CB2E00595A17 /* SOTPKeychain.swift in Sources */,
				14CB6D6924FC2AD100316ED7 /* SettingsTableViewCellWithButton.swift in Sources */,
				14A3454725B4C7D600F63C54 /* SOTPToken.swift in Sources */,
				14C0B71D254C793D0054DD57 /* AuthenticatorForWatch.xcdatamodeld in Sources */,
				1401DAC32443433100DE677F /* AddAccountViewController.swift in Sources */,
				1405D88B24719BF10065509B /* UITextFieldWithBottomBorder.swift in Sources */,
				144B48A024FC10510086DA04 /* SettingsTableViewController.swift in Sources */,
				A8DB1CDA25866C14007C980B /* UINavigationController+Completions.swift in Sources */,
				1401DACA244343FE00DE677F /* AuthenticatorModel.swift in Sources */,
				141917D0245483EC00EE125D /* ScanQrViewController.swift in Sources */,
				14543DC82486E02D008E7DA8 /* WatchAppConnection.swift in Sources */,
				14E8523F25619BB700B9744B /* AboutViewController.swift in Sources */,
				14C0B723254C8F2B0054DD57 /* WatchModel.swift in Sources */,
				146CE3AA24D3369600DDC45C /* Backup.swift in Sources */,
				14CB6D6F2506A2A700316ED7 /* LoadFromFileExtentions.swift in Sources */,
				14CB6D6724FC19D600316ED7 /* SettingsTableViewCell.swift in Sources */,
				1430EA9124DF0FCA00B75CF6 /* PurchaseViewController.swift in Sources */,
				1401DAC72443436E00DE677F /* UIColor+SOTPColors.swift in Sources */,
				14B61B5B24C71DD400A08A14 /* AuthenticatorItem+CoreDataClass.swift in Sources */,
				1401DA7D2440D46800DE677F /* SceneDelegate.swift in Sources */,
				1463409A24CE0763008ECFBD /* RNCryptorExtention.swift in Sources */,
				14B7E31E24C3237F00A2E9F3 /* PasswordError.swift in Sources */,
				1430EA8F24DF0E0800B75CF6 /* Purchases.swift in Sources */,
				A8DB1CEA25866DFB007C980B /* UIFont+SOTPFonts.swift in Sources */,
			);
			runOnlyForDeploymentPostprocessing = 0;
		};
		14543DA524853A04008E7DA8 /* Sources */ = {
			isa = PBXSourcesBuildPhase;
			buildActionMask = 2147483647;
			files = (
				14543DB124853A04008E7DA8 /* ExtensionDelegate.swift in Sources */,
				14023D6725B4C8C100EC35C8 /* SOTPToken.swift in Sources */,
				14C0B724254C8F2B0054DD57 /* WatchModel.swift in Sources */,
				14543DAF24853A04008E7DA8 /* InterfaceController.swift in Sources */,
				14543DC124853B24008E7DA8 /* SOTPWatchRow.swift in Sources */,
				14C0B71E254C793D0054DD57 /* AuthenticatorForWatch.xcdatamodeld in Sources */,
				14B8BDA725B4CB2E00595A17 /* SOTPKeychain.swift in Sources */,
				142F404B25D12E54008A9CA0 /* TokenGenerator.swift in Sources */,
			);
			runOnlyForDeploymentPostprocessing = 0;
		};
/* End PBXSourcesBuildPhase section */

/* Begin PBXTargetDependency section */
		14543DAC24853A04008E7DA8 /* PBXTargetDependency */ = {
			isa = PBXTargetDependency;
			target = 14543DA824853A04008E7DA8 /* SOTPWatch Extension */;
			targetProxy = 14543DAB24853A04008E7DA8 /* PBXContainerItemProxy */;
		};
		14543DB624853A05008E7DA8 /* PBXTargetDependency */ = {
			isa = PBXTargetDependency;
			target = 14543D9C24853A03008E7DA8 /* SOTPWatch */;
			targetProxy = 14543DB524853A05008E7DA8 /* PBXContainerItemProxy */;
		};
/* End PBXTargetDependency section */

/* Begin PBXVariantGroup section */
		1401DA802440D46800DE677F /* Main.storyboard */ = {
			isa = PBXVariantGroup;
			children = (
				1401DA812440D46800DE677F /* Base */,
			);
			name = Main.storyboard;
			sourceTree = "<group>";
		};
		1401DA882440D46B00DE677F /* LaunchScreen.storyboard */ = {
			isa = PBXVariantGroup;
			children = (
				1401DA892440D46B00DE677F /* Base */,
			);
			name = LaunchScreen.storyboard;
			sourceTree = "<group>";
		};
		14543D9F24853A03008E7DA8 /* Interface.storyboard */ = {
			isa = PBXVariantGroup;
			children = (
				14543DA024853A03008E7DA8 /* Base */,
				1496190D2517CB5500B46D7B /* ru */,
			);
			name = Interface.storyboard;
			sourceTree = "<group>";
		};
		1496190F2517CE2E00B46D7B /* Localizable.strings */ = {
			isa = PBXVariantGroup;
			children = (
				149619102517CE2E00B46D7B /* ru */,
			);
			name = Localizable.strings;
			sourceTree = "<group>";
		};
		14DD4DD625D9961D00617B03 /* InfoPlist.strings */ = {
			isa = PBXVariantGroup;
			children = (
				14DD4DD725D9961D00617B03 /* ru */,
			);
			name = InfoPlist.strings;
			sourceTree = "<group>";
		};
		14E8524A256AE6E400B9744B /* Localizable.strings */ = {
			isa = PBXVariantGroup;
			children = (
				14E8524B256AE6E400B9744B /* ru */,
			);
			name = Localizable.strings;
			sourceTree = "<group>";
		};
/* End PBXVariantGroup section */

/* Begin XCBuildConfiguration section */
		1401DA8C2440D46B00DE677F /* Debug */ = {
			isa = XCBuildConfiguration;
			buildSettings = {
				ALWAYS_SEARCH_USER_PATHS = NO;
				CLANG_ANALYZER_LOCALIZABILITY_NONLOCALIZED = YES;
				CLANG_ANALYZER_NONNULL = YES;
				CLANG_ANALYZER_NUMBER_OBJECT_CONVERSION = YES_AGGRESSIVE;
				CLANG_CXX_LANGUAGE_STANDARD = "gnu++14";
				CLANG_CXX_LIBRARY = "libc++";
				CLANG_ENABLE_MODULES = YES;
				CLANG_ENABLE_OBJC_ARC = YES;
				CLANG_ENABLE_OBJC_WEAK = YES;
				CLANG_WARN_BLOCK_CAPTURE_AUTORELEASING = YES;
				CLANG_WARN_BOOL_CONVERSION = YES;
				CLANG_WARN_COMMA = YES;
				CLANG_WARN_CONSTANT_CONVERSION = YES;
				CLANG_WARN_DEPRECATED_OBJC_IMPLEMENTATIONS = YES;
				CLANG_WARN_DIRECT_OBJC_ISA_USAGE = YES_ERROR;
				CLANG_WARN_DOCUMENTATION_COMMENTS = YES;
				CLANG_WARN_EMPTY_BODY = YES;
				CLANG_WARN_ENUM_CONVERSION = YES;
				CLANG_WARN_INFINITE_RECURSION = YES;
				CLANG_WARN_INT_CONVERSION = YES;
				CLANG_WARN_NON_LITERAL_NULL_CONVERSION = YES;
				CLANG_WARN_OBJC_IMPLICIT_RETAIN_SELF = YES;
				CLANG_WARN_OBJC_LITERAL_CONVERSION = YES;
				CLANG_WARN_OBJC_ROOT_CLASS = YES_ERROR;
				CLANG_WARN_QUOTED_INCLUDE_IN_FRAMEWORK_HEADER = YES;
				CLANG_WARN_RANGE_LOOP_ANALYSIS = YES;
				CLANG_WARN_STRICT_PROTOTYPES = YES;
				CLANG_WARN_SUSPICIOUS_MOVE = YES;
				CLANG_WARN_UNGUARDED_AVAILABILITY = YES_AGGRESSIVE;
				CLANG_WARN_UNREACHABLE_CODE = YES;
				CLANG_WARN__DUPLICATE_METHOD_MATCH = YES;
				CODE_SIGN_IDENTITY = "iPhone Distribution: Anzhela Baroyan (Q9Y5N2Z9SF)";
				CODE_SIGN_STYLE = Manual;
				COPY_PHASE_STRIP = NO;
				DEBUG_INFORMATION_FORMAT = dwarf;
				ENABLE_STRICT_OBJC_MSGSEND = YES;
				ENABLE_TESTABILITY = YES;
				GCC_C_LANGUAGE_STANDARD = gnu11;
				GCC_DYNAMIC_NO_PIC = NO;
				GCC_NO_COMMON_BLOCKS = YES;
				GCC_OPTIMIZATION_LEVEL = 0;
				GCC_PREPROCESSOR_DEFINITIONS = (
					"DEBUG=1",
					"$(inherited)",
				);
				GCC_WARN_64_TO_32_BIT_CONVERSION = YES;
				GCC_WARN_ABOUT_RETURN_TYPE = YES_ERROR;
				GCC_WARN_UNDECLARED_SELECTOR = YES;
				GCC_WARN_UNINITIALIZED_AUTOS = YES_AGGRESSIVE;
				GCC_WARN_UNUSED_FUNCTION = YES;
				GCC_WARN_UNUSED_VARIABLE = YES;
				IPHONEOS_DEPLOYMENT_TARGET = 13.0;
				MTL_ENABLE_DEBUG_INFO = INCLUDE_SOURCE;
				MTL_FAST_MATH = YES;
				ONLY_ACTIVE_ARCH = YES;
				SDKROOT = iphoneos;
				SWIFT_ACTIVE_COMPILATION_CONDITIONS = DEBUG;
				SWIFT_OPTIMIZATION_LEVEL = "-Onone";
			};
			name = Debug;
		};
		1401DA8D2440D46B00DE677F /* Release */ = {
			isa = XCBuildConfiguration;
			buildSettings = {
				ALWAYS_SEARCH_USER_PATHS = NO;
				CLANG_ANALYZER_LOCALIZABILITY_NONLOCALIZED = YES;
				CLANG_ANALYZER_NONNULL = YES;
				CLANG_ANALYZER_NUMBER_OBJECT_CONVERSION = YES_AGGRESSIVE;
				CLANG_CXX_LANGUAGE_STANDARD = "gnu++14";
				CLANG_CXX_LIBRARY = "libc++";
				CLANG_ENABLE_MODULES = YES;
				CLANG_ENABLE_OBJC_ARC = YES;
				CLANG_ENABLE_OBJC_WEAK = YES;
				CLANG_WARN_BLOCK_CAPTURE_AUTORELEASING = YES;
				CLANG_WARN_BOOL_CONVERSION = YES;
				CLANG_WARN_COMMA = YES;
				CLANG_WARN_CONSTANT_CONVERSION = YES;
				CLANG_WARN_DEPRECATED_OBJC_IMPLEMENTATIONS = YES;
				CLANG_WARN_DIRECT_OBJC_ISA_USAGE = YES_ERROR;
				CLANG_WARN_DOCUMENTATION_COMMENTS = YES;
				CLANG_WARN_EMPTY_BODY = YES;
				CLANG_WARN_ENUM_CONVERSION = YES;
				CLANG_WARN_INFINITE_RECURSION = YES;
				CLANG_WARN_INT_CONVERSION = YES;
				CLANG_WARN_NON_LITERAL_NULL_CONVERSION = YES;
				CLANG_WARN_OBJC_IMPLICIT_RETAIN_SELF = YES;
				CLANG_WARN_OBJC_LITERAL_CONVERSION = YES;
				CLANG_WARN_OBJC_ROOT_CLASS = YES_ERROR;
				CLANG_WARN_QUOTED_INCLUDE_IN_FRAMEWORK_HEADER = YES;
				CLANG_WARN_RANGE_LOOP_ANALYSIS = YES;
				CLANG_WARN_STRICT_PROTOTYPES = YES;
				CLANG_WARN_SUSPICIOUS_MOVE = YES;
				CLANG_WARN_UNGUARDED_AVAILABILITY = YES_AGGRESSIVE;
				CLANG_WARN_UNREACHABLE_CODE = YES;
				CLANG_WARN__DUPLICATE_METHOD_MATCH = YES;
				CODE_SIGN_IDENTITY = "iPhone Distribution: Anzhela Baroyan (Q9Y5N2Z9SF)";
				CODE_SIGN_STYLE = Manual;
				COPY_PHASE_STRIP = NO;
				DEBUG_INFORMATION_FORMAT = "dwarf-with-dsym";
				ENABLE_NS_ASSERTIONS = NO;
				ENABLE_STRICT_OBJC_MSGSEND = YES;
				GCC_C_LANGUAGE_STANDARD = gnu11;
				GCC_NO_COMMON_BLOCKS = YES;
				GCC_WARN_64_TO_32_BIT_CONVERSION = YES;
				GCC_WARN_ABOUT_RETURN_TYPE = YES_ERROR;
				GCC_WARN_UNDECLARED_SELECTOR = YES;
				GCC_WARN_UNINITIALIZED_AUTOS = YES_AGGRESSIVE;
				GCC_WARN_UNUSED_FUNCTION = YES;
				GCC_WARN_UNUSED_VARIABLE = YES;
				IPHONEOS_DEPLOYMENT_TARGET = 13.0;
				MTL_ENABLE_DEBUG_INFO = NO;
				MTL_FAST_MATH = YES;
				SDKROOT = iphoneos;
				SWIFT_COMPILATION_MODE = wholemodule;
				SWIFT_OPTIMIZATION_LEVEL = "-O";
				VALIDATE_PRODUCT = YES;
			};
			name = Release;
		};
		1401DA8F2440D46B00DE677F /* Debug */ = {
			isa = XCBuildConfiguration;
			baseConfigurationReference = B1087AF21F7B4953349EB22F /* Pods-Authenticator.debug.xcconfig */;
			buildSettings = {
				ASSETCATALOG_COMPILER_APPICON_NAME = AppIcon;
				CLANG_USE_OPTIMIZATION_PROFILE = YES;
				CODE_SIGN_ENTITLEMENTS = Authenticator/AuthenticatorDebug.entitlements;
				CODE_SIGN_IDENTITY = "iPhone Developer";
				CODE_SIGN_STYLE = Automatic;
				CURRENT_PROJECT_VERSION = 21;
				DEVELOPMENT_TEAM = Q9Y5N2Z9SF;
				INFOPLIST_FILE = Authenticator/Info.plist;
				IPHONEOS_DEPLOYMENT_TARGET = 13.0;
				LD_RUNPATH_SEARCH_PATHS = (
					"$(inherited)",
					"@executable_path/Frameworks",
				);
				PRODUCT_BUNDLE_IDENTIFIER = am.baroynag.SOTP;
				PRODUCT_NAME = "$(TARGET_NAME)";
				PROVISIONING_PROFILE_SPECIFIER = "";
				SWIFT_VERSION = 5.0;
				TARGETED_DEVICE_FAMILY = 1;
				WATCHOS_DEPLOYMENT_TARGET = 5.0;
			};
			name = Debug;
		};
		1401DA902440D46B00DE677F /* Release */ = {
			isa = XCBuildConfiguration;
			baseConfigurationReference = E105FBA28569813673C1F6B7 /* Pods-Authenticator.release.xcconfig */;
			buildSettings = {
				ASSETCATALOG_COMPILER_APPICON_NAME = AppIcon;
				CLANG_USE_OPTIMIZATION_PROFILE = YES;
				CODE_SIGN_ENTITLEMENTS = Authenticator/AuthenticatorRelease.entitlements;
				CODE_SIGN_IDENTITY = "Apple Development";
				CODE_SIGN_STYLE = Automatic;
				CURRENT_PROJECT_VERSION = 21;
				DEVELOPMENT_TEAM = Q9Y5N2Z9SF;
				INFOPLIST_FILE = Authenticator/Info.plist;
				IPHONEOS_DEPLOYMENT_TARGET = 13.0;
				LD_RUNPATH_SEARCH_PATHS = (
					"$(inherited)",
					"@executable_path/Frameworks",
				);
				PRODUCT_BUNDLE_IDENTIFIER = am.baroynag.SOTP;
				PRODUCT_NAME = "$(TARGET_NAME)";
				PROVISIONING_PROFILE_SPECIFIER = "";
				SWIFT_VERSION = 5.0;
				TARGETED_DEVICE_FAMILY = 1;
				WATCHOS_DEPLOYMENT_TARGET = 5.0;
			};
			name = Release;
		};
		14543DB924853A05008E7DA8 /* Debug */ = {
			isa = XCBuildConfiguration;
			baseConfigurationReference = 27A6D74524AE2E0A817120E0 /* Pods-SOTPWatch.debug.xcconfig */;
			buildSettings = {
				ALWAYS_EMBED_SWIFT_STANDARD_LIBRARIES = NO;
				ASSETCATALOG_COMPILER_APPICON_NAME = AppIcon;
				CLANG_ENABLE_MODULES = YES;
				CLANG_USE_OPTIMIZATION_PROFILE = YES;
				CODE_SIGN_ENTITLEMENTS = SOTPWatch/SOTPWatchDebug.entitlements;
				CODE_SIGN_IDENTITY = "iPhone Developer";
				CODE_SIGN_STYLE = Automatic;
				CURRENT_PROJECT_VERSION = 21;
				DEVELOPMENT_TEAM = Q9Y5N2Z9SF;
				IBSC_MODULE = SOTPWatch_Extension;
				INFOPLIST_FILE = SOTPWatch/Info.plist;
				IPHONEOS_DEPLOYMENT_TARGET = 13.0;
				LD_RUNPATH_SEARCH_PATHS = (
					"$(inherited)",
					"@executable_path/../Frameworks",
					"@loader_path/../Frameworks",
				);
				PRODUCT_BUNDLE_IDENTIFIER = am.baroynag.SOTP.watchkitapp;
				PRODUCT_NAME = "$(TARGET_NAME)";
				PROVISIONING_PROFILE_SPECIFIER = "";
				SDKROOT = watchos;
				SKIP_INSTALL = YES;
				SWIFT_OPTIMIZATION_LEVEL = "-Onone";
				SWIFT_VERSION = 5.0;
				TARGETED_DEVICE_FAMILY = 4;
				WATCHOS_DEPLOYMENT_TARGET = 5.0;
			};
			name = Debug;
		};
		14543DBA24853A05008E7DA8 /* Release */ = {
			isa = XCBuildConfiguration;
			baseConfigurationReference = DB325BD33947A6B7CF3A0A1E /* Pods-SOTPWatch.release.xcconfig */;
			buildSettings = {
				ALWAYS_EMBED_SWIFT_STANDARD_LIBRARIES = NO;
				ASSETCATALOG_COMPILER_APPICON_NAME = AppIcon;
				CLANG_ENABLE_MODULES = YES;
				CLANG_USE_OPTIMIZATION_PROFILE = YES;
				CODE_SIGN_IDENTITY = "Apple Development";
				CODE_SIGN_STYLE = Automatic;
				CURRENT_PROJECT_VERSION = 21;
				DEVELOPMENT_TEAM = Q9Y5N2Z9SF;
				IBSC_MODULE = SOTPWatch_Extension;
				INFOPLIST_FILE = SOTPWatch/Info.plist;
				IPHONEOS_DEPLOYMENT_TARGET = 13.0;
				LD_RUNPATH_SEARCH_PATHS = (
					"$(inherited)",
					"@executable_path/../Frameworks",
					"@loader_path/../Frameworks",
				);
				PRODUCT_BUNDLE_IDENTIFIER = am.baroynag.SOTP.watchkitapp;
				PRODUCT_NAME = "$(TARGET_NAME)";
				PROVISIONING_PROFILE_SPECIFIER = "";
				SDKROOT = watchos;
				SKIP_INSTALL = YES;
				SWIFT_VERSION = 5.0;
				TARGETED_DEVICE_FAMILY = 4;
				WATCHOS_DEPLOYMENT_TARGET = 5.0;
			};
			name = Release;
		};
		14543DBC24853A05008E7DA8 /* Debug */ = {
			isa = XCBuildConfiguration;
			baseConfigurationReference = 4C5F61C3DE0F67C5990236DE /* Pods-SOTPWatch Extension.debug.xcconfig */;
			buildSettings = {
				ASSETCATALOG_COMPILER_COMPLICATION_NAME = Complication;
				CLANG_USE_OPTIMIZATION_PROFILE = YES;
				CODE_SIGN_ENTITLEMENTS = "SOTPWatch Extension/SOTPWatch ExtensionDebug.entitlements";
				CODE_SIGN_IDENTITY = "iPhone Developer";
				CODE_SIGN_STYLE = Automatic;
				CURRENT_PROJECT_VERSION = 21;
				DEVELOPMENT_TEAM = Q9Y5N2Z9SF;
				INFOPLIST_FILE = "SOTPWatch Extension/Info.plist";
				LD_RUNPATH_SEARCH_PATHS = (
					"$(inherited)",
					"@executable_path/Frameworks",
					"@executable_path/../../Frameworks",
				);
				PRODUCT_BUNDLE_IDENTIFIER = am.baroynag.SOTP.watchkitapp.watchkitextension;
				PRODUCT_NAME = "${TARGET_NAME}";
				PROVISIONING_PROFILE_SPECIFIER = "";
				SDKROOT = watchos;
				SKIP_INSTALL = YES;
				SWIFT_VERSION = 5.0;
				TARGETED_DEVICE_FAMILY = 4;
				WATCHOS_DEPLOYMENT_TARGET = 5.0;
			};
			name = Debug;
		};
		14543DBD24853A05008E7DA8 /* Release */ = {
			isa = XCBuildConfiguration;
			baseConfigurationReference = 27DD8D5505FCC56608A83C59 /* Pods-SOTPWatch Extension.release.xcconfig */;
			buildSettings = {
				ASSETCATALOG_COMPILER_COMPLICATION_NAME = Complication;
				CLANG_USE_OPTIMIZATION_PROFILE = YES;
				CODE_SIGN_IDENTITY = "Apple Development";
				CODE_SIGN_STYLE = Automatic;
				CURRENT_PROJECT_VERSION = 21;
				DEVELOPMENT_TEAM = Q9Y5N2Z9SF;
				INFOPLIST_FILE = "SOTPWatch Extension/Info.plist";
				LD_RUNPATH_SEARCH_PATHS = (
					"$(inherited)",
					"@executable_path/Frameworks",
					"@executable_path/../../Frameworks",
				);
				PRODUCT_BUNDLE_IDENTIFIER = am.baroynag.SOTP.watchkitapp.watchkitextension;
				PRODUCT_NAME = "${TARGET_NAME}";
				PROVISIONING_PROFILE_SPECIFIER = "";
				SDKROOT = watchos;
				SKIP_INSTALL = YES;
				SWIFT_VERSION = 5.0;
				TARGETED_DEVICE_FAMILY = 4;
				WATCHOS_DEPLOYMENT_TARGET = 5.0;
			};
			name = Release;
		};
/* End XCBuildConfiguration section */

/* Begin XCConfigurationList section */
		1401DA722440D46700DE677F /* Build configuration list for PBXProject "Authenticator" */ = {
			isa = XCConfigurationList;
			buildConfigurations = (
				1401DA8C2440D46B00DE677F /* Debug */,
				1401DA8D2440D46B00DE677F /* Release */,
			);
			defaultConfigurationIsVisible = 0;
			defaultConfigurationName = Release;
		};
		1401DA8E2440D46B00DE677F /* Build configuration list for PBXNativeTarget "Authenticator" */ = {
			isa = XCConfigurationList;
			buildConfigurations = (
				1401DA8F2440D46B00DE677F /* Debug */,
				1401DA902440D46B00DE677F /* Release */,
			);
			defaultConfigurationIsVisible = 0;
			defaultConfigurationName = Release;
		};
		14543DBE24853A05008E7DA8 /* Build configuration list for PBXNativeTarget "SOTPWatch Extension" */ = {
			isa = XCConfigurationList;
			buildConfigurations = (
				14543DBC24853A05008E7DA8 /* Debug */,
				14543DBD24853A05008E7DA8 /* Release */,
			);
			defaultConfigurationIsVisible = 0;
			defaultConfigurationName = Release;
		};
		14543DBF24853A05008E7DA8 /* Build configuration list for PBXNativeTarget "SOTPWatch" */ = {
			isa = XCConfigurationList;
			buildConfigurations = (
				14543DB924853A05008E7DA8 /* Debug */,
				14543DBA24853A05008E7DA8 /* Release */,
			);
			defaultConfigurationIsVisible = 0;
			defaultConfigurationName = Release;
		};
/* End XCConfigurationList section */

/* Begin XCVersionGroup section */
		1401DA832440D46800DE677F /* Authenticator.xcdatamodeld */ = {
			isa = XCVersionGroup;
			children = (
				1401DA842440D46800DE677F /* Authenticator.xcdatamodel */,
			);
			currentVersion = 1401DA842440D46800DE677F /* Authenticator.xcdatamodel */;
			path = Authenticator.xcdatamodeld;
			sourceTree = "<group>";
			versionGroupType = wrapper.xcdatamodel;
		};
		14C0B71B254C793D0054DD57 /* AuthenticatorForWatch.xcdatamodeld */ = {
			isa = XCVersionGroup;
			children = (
				14C0B71C254C793D0054DD57 /* AuthenticatorForWatch.xcdatamodel */,
			);
			currentVersion = 14C0B71C254C793D0054DD57 /* AuthenticatorForWatch.xcdatamodel */;
			path = AuthenticatorForWatch.xcdatamodeld;
			sourceTree = "<group>";
			versionGroupType = wrapper.xcdatamodel;
		};
/* End XCVersionGroup section */
	};
	rootObject = 1401DA6F2440D46700DE677F /* Project object */;
}
